
Microsoft Visual Studio Solution File, Format Version 12.00
# Visual Studio Version 17
VisualStudioVersion = 17.4.33103.184
MinimumVisualStudioVersion = 10.0.40219.1
Project("{888888A0-9F3D-457C-B088-3A5042F75D52}") = "PyRearrangeVolumeData", "PyRearrangeVolumeData\PyRearrangeVolumeData.pyproj", "{03CB710A-1057-4E6F-87AA-1B939E63B6DD}"
EndProject
Global
	GlobalSection(SolutionConfigurationPlatforms) = preSolution
		Debug|Any CPU = Debug|Any CPU
		Release|Any CPU = Release|Any CPU
	EndGlobalSection
	GlobalSection(ProjectConfigurationPlatforms) = postSolution
		{03CB710A-1057-4E6F-87AA-1B939E63B6DD}.Debug|Any CPU.ActiveCfg = Debug|Any CPU
		{03CB710A-1057-4E6F-87AA-1B939E63B6DD}.Release|Any CPU.ActiveCfg = Release|Any CPU
	EndGlobalSection
	GlobalSection(SolutionProperties) = preSolution
		HideSolutionNode = FALSE
	EndGlobalSection
	GlobalSection(ExtensibilityGlobals) = postSolution
		SolutionGuid = {8C05D049-0A7B-4733-A111-D2CE3D357A05}
	EndGlobalSection
EndGlobal
